
Microsoft Visual Studio Solution File, Format Version 12.00
# Visual Studio Version 17
VisualStudioVersion = 17.4.33110.190
MinimumVisualStudioVersion = 10.0.40219.1
Project("{888888A0-9F3D-457C-B088-3A5042F75D52}") = "McGovern", "McGovern.pyproj", "{56A251C0-527F-4DE4-9AA4-7F113DDEE0E9}"
EndProject
Global
	GlobalSection(SolutionConfigurationPlatforms) = preSolution
		Debug|Any CPU = Debug|Any CPU
		Release|Any CPU = Release|Any CPU
	EndGlobalSection
	GlobalSection(ProjectConfigurationPlatforms) = postSolution
		{56A251C0-527F-4DE4-9AA4-7F113DDEE0E9}.Debug|Any CPU.ActiveCfg = Debug|Any CPU
		{56A251C0-527F-4DE4-9AA4-7F113DDEE0E9}.Release|Any CPU.ActiveCfg = Release|Any CPU
	EndGlobalSection
	GlobalSection(SolutionProperties) = preSolution
		HideSolutionNode = FALSE
	EndGlobalSection
	GlobalSection(ExtensibilityGlobals) = postSolution
		SolutionGuid = {04E04E7D-EE0E-4CA6-89BC-EA05CB4A299E}
	EndGlobalSection
EndGlobal
